
Microsoft Visual Studio Solution File, Format Version 12.00
# Visual Studio Version 17
VisualStudioVersion = 17.12.35506.116 d17.12
MinimumVisualStudioVersion = 10.0.40219.1
Project("{FAE04EC0-301F-11D3-BF4B-00C04F79EFBC}") = "Flights.API", "Flights.API\Flights.API.csproj", "{0D11433A-8770-4A98-B8B3-8E308ACF5ABA}"
EndProject
Project("{FAE04EC0-301F-11D3-BF4B-00C04F79EFBC}") = "Flights.DAL", "Flights.DAL\Flights.DAL.csproj", "{1575C220-4B55-4CCC-93AA-C14566EF2391}"
EndProject
Project("{FAE04EC0-301F-11D3-BF4B-00C04F79EFBC}") = "Flights.Model", "Flights.Model\Flights.Model.csproj", "{E426FD85-2DD6-4089-8872-8A6B86595BE3}"
EndProject
Project("{FAE04EC0-301F-11D3-BF4B-00C04F79EFBC}") = "Flights.IOC", "Flights.IOC\Flights.IOC.csproj", "{FBF808C6-DACA-4E99-B4DB-95F6EC98B8A1}"
EndProject
Project("{FAE04EC0-301F-11D3-BF4B-00C04F79EFBC}") = "Flights.DTO", "Flights.DTO\Flights.DTO.csproj", "{17184CA7-B2D9-47DD-9184-1007BA2DE92E}"
EndProject
Project("{FAE04EC0-301F-11D3-BF4B-00C04F79EFBC}") = "Flights.Utility", "Flights.Utility\Flights.Utility.csproj", "{84C26658-02C7-416A-A746-3FD0DE4865C3}"
EndProject
Project("{FAE04EC0-301F-11D3-BF4B-00C04F79EFBC}") = "Flights.BLL", "Flights.BLL\Flights.BLL.csproj", "{C40C16AB-7A57-4463-BEBA-7161319E4565}"
EndProject
Global
	GlobalSection(SolutionConfigurationPlatforms) = preSolution
		Debug|Any CPU = Debug|Any CPU
		Release|Any CPU = Release|Any CPU
	EndGlobalSection
	GlobalSection(ProjectConfigurationPlatforms) = postSolution
		{0D11433A-8770-4A98-B8B3-8E308ACF5ABA}.Debug|Any CPU.ActiveCfg = Debug|Any CPU
		{0D11433A-8770-4A98-B8B3-8E308ACF5ABA}.Debug|Any CPU.Build.0 = Debug|Any CPU
		{0D11433A-8770-4A98-B8B3-8E308ACF5ABA}.Release|Any CPU.ActiveCfg = Release|Any CPU
		{0D11433A-8770-4A98-B8B3-8E308ACF5ABA}.Release|Any CPU.Build.0 = Release|Any CPU
		{1575C220-4B55-4CCC-93AA-C14566EF2391}.Debug|Any CPU.ActiveCfg = Debug|Any CPU
		{1575C220-4B55-4CCC-93AA-C14566EF2391}.Debug|Any CPU.Build.0 = Debug|Any CPU
		{1575C220-4B55-4CCC-93AA-C14566EF2391}.Release|Any CPU.ActiveCfg = Release|Any CPU
		{1575C220-4B55-4CCC-93AA-C14566EF2391}.Release|Any CPU.Build.0 = Release|Any CPU
		{E426FD85-2DD6-4089-8872-8A6B86595BE3}.Debug|Any CPU.ActiveCfg = Debug|Any CPU
		{E426FD85-2DD6-4089-8872-8A6B86595BE3}.Debug|Any CPU.Build.0 = Debug|Any CPU
		{E426FD85-2DD6-4089-8872-8A6B86595BE3}.Release|Any CPU.ActiveCfg = Release|Any CPU
		{E426FD85-2DD6-4089-8872-8A6B86595BE3}.Release|Any CPU.Build.0 = Release|Any CPU
		{FBF808C6-DACA-4E99-B4DB-95F6EC98B8A1}.Debug|Any CPU.ActiveCfg = Debug|Any CPU
		{FBF808C6-DACA-4E99-B4DB-95F6EC98B8A1}.Debug|Any CPU.Build.0 = Debug|Any CPU
		{FBF808C6-DACA-4E99-B4DB-95F6EC98B8A1}.Release|Any CPU.ActiveCfg = Release|Any CPU
		{FBF808C6-DACA-4E99-B4DB-95F6EC98B8A1}.Release|Any CPU.Build.0 = Release|Any CPU
		{17184CA7-B2D9-47DD-9184-1007BA2DE92E}.Debug|Any CPU.ActiveCfg = Debug|Any CPU
		{17184CA7-B2D9-47DD-9184-1007BA2DE92E}.Debug|Any CPU.Build.0 = Debug|Any CPU
		{17184CA7-B2D9-47DD-9184-1007BA2DE92E}.Release|Any CPU.ActiveCfg = Release|Any CPU
		{17184CA7-B2D9-47DD-9184-1007BA2DE92E}.Release|Any CPU.Build.0 = Release|Any CPU
		{84C26658-02C7-416A-A746-3FD0DE4865C3}.Debug|Any CPU.ActiveCfg = Debug|Any CPU
		{84C26658-02C7-416A-A746-3FD0DE4865C3}.Debug|Any CPU.Build.0 = Debug|Any CPU
		{84C26658-02C7-416A-A746-3FD0DE4865C3}.Release|Any CPU.ActiveCfg = Release|Any CPU
		{84C26658-02C7-416A-A746-3FD0DE4865C3}.Release|Any CPU.Build.0 = Release|Any CPU
		{C40C16AB-7A57-4463-BEBA-7161319E4565}.Debug|Any CPU.ActiveCfg = Debug|Any CPU
		{C40C16AB-7A57-4463-BEBA-7161319E4565}.Debug|Any CPU.Build.0 = Debug|Any CPU
		{C40C16AB-7A57-4463-BEBA-7161319E4565}.Release|Any CPU.ActiveCfg = Release|Any CPU
		{C40C16AB-7A57-4463-BEBA-7161319E4565}.Release|Any CPU.Build.0 = Release|Any CPU
	EndGlobalSection
	GlobalSection(SolutionProperties) = preSolution
		HideSolutionNode = FALSE
	EndGlobalSection
EndGlobal
